{
  "name": "nodesys",
  "version": "1.0.0",
  "lockfileVersion": 1,
  "requires": true,
  "dependencies": {
    "commander": {
      "version": "2.11.0",
      "resolved": "http://r.cnpmjs.org/commander/download/commander-2.11.0.tgz",
      "integrity": "sha1-FXFS/R56bI2YpbcVzzdt+SgARWM="
    },
    "ejs": {
      "version": "2.5.7",
      "resolved": "http://r.cnpmjs.org/ejs/download/ejs-2.5.7.tgz",
      "integrity": "sha1-zIcsFoiArjxxiXYv1f/ACJbJUYo="
    },
    "express-generator": {
      "version": "4.15.5",
      "resolved": "http://r.cnpmjs.org/express-generator/download/express-generator-4.15.5.tgz",
      "integrity": "sha1-Tob/5s7bMRJqK/HawBvReV2m+Xg=",
      "requires": {
        "commander": "2.11.0",
        "ejs": "2.5.7",
        "mkdirp": "0.5.1",
        "sorted-object": "2.0.1"
      }
    },
    "minimist": {
      "version": "0.0.8",
      "resolved": "http://r.cnpmjs.org/minimist/download/minimist-0.0.8.tgz",
      "integrity": "sha1-hX/Kv8M5fSYluCKCYuhqp6ARsF0="
    },
    "mkdirp": {
      "version": "0.5.1",
      "resolved": "http://r.cnpmjs.org/mkdirp/download/mkdirp-0.5.1.tgz",
      "integrity": "sha1-MAV0OOrGz3+MR2fzhkjWaX11yQM=",
      "requires": {
        "minimist": "0.0.8"
      }
    },
    "sorted-object": {
      "version": "2.0.1",
      "resolved": "http://r.cnpmjs.org/sorted-object/download/sorted-object-2.0.1.tgz",
      "integrity": "sha1-fWMfS9OnmKJK8d/8+/6DM3pd9fw="
    }
  }
}
